
Microsoft Visual Studio Solution File, Format Version 12.00
# Visual Studio Version 16
VisualStudioVersion = 16.0.33927.289
MinimumVisualStudioVersion = 10.0.40219.1
Project("{2150E333-8FDC-42A3-9474-1A3956D46DE8}") = "Task0", "Task0", "{3874A5D5-E2AA-41E8-9BCE-BE21C1967925}"
EndProject
Project("{FAE04EC0-301F-11D3-BF4B-00C04F79EFBC}") = "Tyuiu.ElsufevMP.Sprint0.Task0.V0", "Tyuiu.ElsufevMP.Sprint0.Task0.V0\Tyuiu.ElsufevMP.Sprint0.Task0.V0.csproj", "{784B0908-887F-4C59-8C8C-E378929EC3A9}"
EndProject
Project("{2150E333-8FDC-42A3-9474-1A3956D46DE8}") = "Task1", "Task1", "{CEF531FB-E948-4D4A-A21F-DFE37F694637}"
EndProject
Project("{FAE04EC0-301F-11D3-BF4B-00C04F79EFBC}") = "Tyuiu.ElsufevMP.Sprint0.Task1.V0", "Tyuiu.ElsufevMP.Sprint0.Task1.V0\Tyuiu.ElsufevMP.Sprint0.Task1.V0.csproj", "{87E1935D-6F3C-4BCA-99AE-3FC21461FD86}"
EndProject
Project("{2150E333-8FDC-42A3-9474-1A3956D46DE8}") = "Task2", "Task2", "{708E1ED6-73A3-4B6E-89D1-9469BD754922}"
EndProject
Project("{FAE04EC0-301F-11D3-BF4B-00C04F79EFBC}") = "Tyuiu.ElsufevMP.Sprint0.Task2.V0", "Tyuiu.ElsufevMP.Sprint0.Task2.V0\Tyuiu.ElsufevMP.Sprint0.Task2.V0.csproj", "{1A35855F-E5C6-4F55-9868-376A6D2A5FD5}"
EndProject
Project("{FAE04EC0-301F-11D3-BF4B-00C04F79EFBC}") = "Tyuiu.ElsufevMP.Sprint0.Task2.V0.Lib", "Tyuiu.ElsufevMP.Sprint0.Task2.V0.Lib\Tyuiu.ElsufevMP.Sprint0.Task2.V0.Lib.csproj", "{C04BCB16-4BFE-405C-A934-A365EF7BEDA5}"
EndProject
Project("{FAE04EC0-301F-11D3-BF4B-00C04F79EFBC}") = "Tyuiu.ElsufevMP.Sprint0.Task2.V0.Test", "Tyuiu.ElsufevMP.Sprint0.Task2.V0.Test\Tyuiu.ElsufevMP.Sprint0.Task2.V0.Test.csproj", "{3EDD15DC-851D-4FCD-BAC3-618BCC2A7FFF}"
EndProject
Project("{2150E333-8FDC-42A3-9474-1A3956D46DE8}") = "Task3", "Task3", "{F5824B9E-68E1-4488-83A4-561C76939693}"
EndProject
Project("{FAE04EC0-301F-11D3-BF4B-00C04F79EFBC}") = "Tyuiu.ElsufevMP.Sprint0.Task3.V0", "Tyuiu.ElsufevMP.Sprint0.Task3.V0\Tyuiu.ElsufevMP.Sprint0.Task3.V0.csproj", "{D139ECE1-6A73-4F60-AE2D-2D29495FFF21}"
EndProject
Project("{FAE04EC0-301F-11D3-BF4B-00C04F79EFBC}") = "Tyuiu.ElsufevMP.Sprint0.Task3.V0.Lib", "Tyuiu.ElsufevMP.Sprint0.Task3.V0.Lib\Tyuiu.ElsufevMP.Sprint0.Task3.V0.Lib.csproj", "{213A237A-07B4-4343-ACC9-DE483EA77C48}"
EndProject
Project("{FAE04EC0-301F-11D3-BF4B-00C04F79EFBC}") = "Tyuiu.ElsufevMP.Sprint0.Task3.V0.Test", "Tyuiu.ElsufevMP.Sprint0.Task3.V0.Test\Tyuiu.ElsufevMP.Sprint0.Task3.V0.Test.csproj", "{157BB5F9-2F9E-4FF3-9BCE-5CD38D993427}"
EndProject
Project("{2150E333-8FDC-42A3-9474-1A3956D46DE8}") = "Task4", "Task4", "{95CAB60C-CAF8-41C1-A3DD-A32D426A0072}"
EndProject
Project("{FAE04EC0-301F-11D3-BF4B-00C04F79EFBC}") = "Tyuiu.ElsufevMP.Sprint0.Task4.V0", "Tyuiu.ElsufevMP.Sprint0.Task4.V0\Tyuiu.ElsufevMP.Sprint0.Task4.V0.csproj", "{EF42A5D8-4C8B-4AB0-82E2-DF3F7B870A7D}"
EndProject
Project("{FAE04EC0-301F-11D3-BF4B-00C04F79EFBC}") = "Tyuiu.ElsufevMP.Sprint0.Task4.V0.Lib", "Tyuiu.ElsufevMP.Sprint0.Task4.V0.Lib\Tyuiu.ElsufevMP.Sprint0.Task4.V0.Lib.csproj", "{4240B1A2-6355-4053-9F47-E1389C9C1A41}"
EndProject
Project("{FAE04EC0-301F-11D3-BF4B-00C04F79EFBC}") = "Tyuiu.ElsufevMP.Sprint0.Task4.V0.Test", "Tyuiu.ElsufevMP.Sprint0.Task4.V0.Test\Tyuiu.ElsufevMP.Sprint0.Task4.V0.Test.csproj", "{E1F17DC9-1A61-48CB-9902-E7DBD3695D37}"
EndProject
Project("{2150E333-8FDC-42A3-9474-1A3956D46DE8}") = "Task5", "Task5", "{12937CAB-1FD9-48BA-9F96-5A946AACAB99}"
EndProject
Project("{FAE04EC0-301F-11D3-BF4B-00C04F79EFBC}") = "Tyuiu.ElsufevMP.Sprint0.Task5.V0", "Tyuiu.ElsufevMP.Sprint0.Task5.V0\Tyuiu.ElsufevMP.Sprint0.Task5.V0.csproj", "{F297EBB6-B28D-48DE-9D6F-56DF5C675E80}"
EndProject
Project("{FAE04EC0-301F-11D3-BF4B-00C04F79EFBC}") = "Tyuiu.ElsufevMP.Sprint0.Task5.V0.Lib", "Tyuiu.ElsufevMP.Sprint0.Task5.V0.Lib\Tyuiu.ElsufevMP.Sprint0.Task5.V0.Lib.csproj", "{02D3FFF8-6A2B-4E0A-BA93-108E903DFE60}"
EndProject
Project("{FAE04EC0-301F-11D3-BF4B-00C04F79EFBC}") = "Tyuiu.ElsufevMP.Sprint0.Task5.V0.Test", "Tyuiu.ElsufevMP.Sprint0.Task5.V0.Test\Tyuiu.ElsufevMP.Sprint0.Task5.V0.Test.csproj", "{504E59F3-AF52-44BA-A88D-97EC7DE8D24F}"
EndProject
Project("{2150E333-8FDC-42A3-9474-1A3956D46DE8}") = "Task6", "Task6", "{8B7A8A1E-1F7B-4A39-A955-E3D99BCAFE83}"
EndProject
Project("{FAE04EC0-301F-11D3-BF4B-00C04F79EFBC}") = "Tyuiu.ElsufevMP.Sprint0.Task6.V0", "Tyuiu.ElsufevMP.Sprint0.Task6.V0\Tyuiu.ElsufevMP.Sprint0.Task6.V0.csproj", "{AA89597A-DCB3-4AAF-8BFB-3D623E59DCF0}"
EndProject
Project("{FAE04EC0-301F-11D3-BF4B-00C04F79EFBC}") = "Tyuiu.ElsufevMP.Sprint0.Task6.V0.Lib", "Tyuiu.ElsufevMP.Sprint0.Task6.V0.Lib\Tyuiu.ElsufevMP.Sprint0.Task6.V0.Lib.csproj", "{C09CA4F8-298D-473E-9ED0-642064BA5581}"
EndProject
Project("{FAE04EC0-301F-11D3-BF4B-00C04F79EFBC}") = "Tyuiu.ElsufevMP.Sprint0.Task6.V0.Test", "Tyuiu.ElsufevMP.Sprint0.Task6.V0.Test\Tyuiu.ElsufevMP.Sprint0.Task6.V0.Test.csproj", "{9C4217C4-F1D7-4A0D-946E-347D64B670A8}"
EndProject
Project("{2150E333-8FDC-42A3-9474-1A3956D46DE8}") = "Task7", "Task7", "{0E35D185-1838-4429-B90B-FFD77824BF06}"
EndProject
Project("{FAE04EC0-301F-11D3-BF4B-00C04F79EFBC}") = "Tyuiu.ElsufevMP.Sprint0.Task7.V0", "Tyuiu.ElsufevMP.Sprint0.Task7.V0\Tyuiu.ElsufevMP.Sprint0.Task7.V0.csproj", "{A336FEFE-2D09-4553-B64F-4AE298C10426}"
EndProject
Project("{FAE04EC0-301F-11D3-BF4B-00C04F79EFBC}") = "Tyuiu.ElsufevMP.Sprint0.Task7.V0.Lib", "Tyuiu.ElsufevMP.Sprint0.Task7.V0.Lib\Tyuiu.ElsufevMP.Sprint0.Task7.V0.Lib.csproj", "{95DCD7D4-6C37-46C0-8B29-0F67598B5DF3}"
EndProject
Project("{FAE04EC0-301F-11D3-BF4B-00C04F79EFBC}") = "Tyuiu.ElsufevMP.Sprint0.Task7.V0.Test", "Tyuiu.ElsufevMP.Sprint0.Task7.V0.Test\Tyuiu.ElsufevMP.Sprint0.Task7.V0.Test.csproj", "{2AE52283-2BD5-44C5-A354-AAC0128A9219}"
EndProject
Global
	GlobalSection(SolutionConfigurationPlatforms) = preSolution
		Debug|Any CPU = Debug|Any CPU
		Release|Any CPU = Release|Any CPU
	EndGlobalSection
	GlobalSection(ProjectConfigurationPlatforms) = postSolution
		{784B0908-887F-4C59-8C8C-E378929EC3A9}.Debug|Any CPU.ActiveCfg = Debug|Any CPU
		{784B0908-887F-4C59-8C8C-E378929EC3A9}.Debug|Any CPU.Build.0 = Debug|Any CPU
		{784B0908-887F-4C59-8C8C-E378929EC3A9}.Release|Any CPU.ActiveCfg = Release|Any CPU
		{784B0908-887F-4C59-8C8C-E378929EC3A9}.Release|Any CPU.Build.0 = Release|Any CPU
		{87E1935D-6F3C-4BCA-99AE-3FC21461FD86}.Debug|Any CPU.ActiveCfg = Debug|Any CPU
		{87E1935D-6F3C-4BCA-99AE-3FC21461FD86}.Debug|Any CPU.Build.0 = Debug|Any CPU
		{87E1935D-6F3C-4BCA-99AE-3FC21461FD86}.Release|Any CPU.ActiveCfg = Release|Any CPU
		{87E1935D-6F3C-4BCA-99AE-3FC21461FD86}.Release|Any CPU.Build.0 = Release|Any CPU
		{1A35855F-E5C6-4F55-9868-376A6D2A5FD5}.Debug|Any CPU.ActiveCfg = Debug|Any CPU
		{1A35855F-E5C6-4F55-9868-376A6D2A5FD5}.Debug|Any CPU.Build.0 = Debug|Any CPU
		{1A35855F-E5C6-4F55-9868-376A6D2A5FD5}.Release|Any CPU.ActiveCfg = Release|Any CPU
		{1A35855F-E5C6-4F55-9868-376A6D2A5FD5}.Release|Any CPU.Build.0 = Release|Any CPU
		{C04BCB16-4BFE-405C-A934-A365EF7BEDA5}.Debug|Any CPU.ActiveCfg = Debug|Any CPU
		{C04BCB16-4BFE-405C-A934-A365EF7BEDA5}.Debug|Any CPU.Build.0 = Debug|Any CPU
		{C04BCB16-4BFE-405C-A934-A365EF7BEDA5}.Release|Any CPU.ActiveCfg = Release|Any CPU
		{C04BCB16-4BFE-405C-A934-A365EF7BEDA5}.Release|Any CPU.Build.0 = Release|Any CPU
		{3EDD15DC-851D-4FCD-BAC3-618BCC2A7FFF}.Debug|Any CPU.ActiveCfg = Debug|Any CPU
		{3EDD15DC-851D-4FCD-BAC3-618BCC2A7FFF}.Debug|Any CPU.Build.0 = Debug|Any CPU
		{3EDD15DC-851D-4FCD-BAC3-618BCC2A7FFF}.Release|Any CPU.ActiveCfg = Release|Any CPU
		{3EDD15DC-851D-4FCD-BAC3-618BCC2A7FFF}.Release|Any CPU.Build.0 = Release|Any CPU
		{D139ECE1-6A73-4F60-AE2D-2D29495FFF21}.Debug|Any CPU.ActiveCfg = Debug|Any CPU
		{D139ECE1-6A73-4F60-AE2D-2D29495FFF21}.Debug|Any CPU.Build.0 = Debug|Any CPU
		{D139ECE1-6A73-4F60-AE2D-2D29495FFF21}.Release|Any CPU.ActiveCfg = Release|Any CPU
		{D139ECE1-6A73-4F60-AE2D-2D29495FFF21}.Release|Any CPU.Build.0 = Release|Any CPU
		{213A237A-07B4-4343-ACC9-DE483EA77C48}.Debug|Any CPU.ActiveCfg = Debug|Any CPU
		{213A237A-07B4-4343-ACC9-DE483EA77C48}.Debug|Any CPU.Build.0 = Debug|Any CPU
		{213A237A-07B4-4343-ACC9-DE483EA77C48}.Release|Any CPU.ActiveCfg = Release|Any CPU
		{213A237A-07B4-4343-ACC9-DE483EA77C48}.Release|Any CPU.Build.0 = Release|Any CPU
		{157BB5F9-2F9E-4FF3-9BCE-5CD38D993427}.Debug|Any CPU.ActiveCfg = Debug|Any CPU
		{157BB5F9-2F9E-4FF3-9BCE-5CD38D993427}.Debug|Any CPU.Build.0 = Debug|Any CPU
		{157BB5F9-2F9E-4FF3-9BCE-5CD38D993427}.Release|Any CPU.ActiveCfg = Release|Any CPU
		{157BB5F9-2F9E-4FF3-9BCE-5CD38D993427}.Release|Any CPU.Build.0 = Release|Any CPU
		{EF42A5D8-4C8B-4AB0-82E2-DF3F7B870A7D}.Debug|Any CPU.ActiveCfg = Debug|Any CPU
		{EF42A5D8-4C8B-4AB0-82E2-DF3F7B870A7D}.Debug|Any CPU.Build.0 = Debug|Any CPU
		{EF42A5D8-4C8B-4AB0-82E2-DF3F7B870A7D}.Release|Any CPU.ActiveCfg = Release|Any CPU
		{EF42A5D8-4C8B-4AB0-82E2-DF3F7B870A7D}.Release|Any CPU.Build.0 = Release|Any CPU
		{4240B1A2-6355-4053-9F47-E1389C9C1A41}.Debug|Any CPU.ActiveCfg = Debug|Any CPU
		{4240B1A2-6355-4053-9F47-E1389C9C1A41}.Debug|Any CPU.Build.0 = Debug|Any CPU
		{4240B1A2-6355-4053-9F47-E1389C9C1A41}.Release|Any CPU.ActiveCfg = Release|Any CPU
		{4240B1A2-6355-4053-9F47-E1389C9C1A41}.Release|Any CPU.Build.0 = Release|Any CPU
		{E1F17DC9-1A61-48CB-9902-E7DBD3695D37}.Debug|Any CPU.ActiveCfg = Debug|Any CPU
		{E1F17DC9-1A61-48CB-9902-E7DBD3695D37}.Debug|Any CPU.Build.0 = Debug|Any CPU
		{E1F17DC9-1A61-48CB-9902-E7DBD3695D37}.Release|Any CPU.ActiveCfg = Release|Any CPU
		{E1F17DC9-1A61-48CB-9902-E7DBD3695D37}.Release|Any CPU.Build.0 = Release|Any CPU
		{F297EBB6-B28D-48DE-9D6F-56DF5C675E80}.Debug|Any CPU.ActiveCfg = Debug|Any CPU
		{F297EBB6-B28D-48DE-9D6F-56DF5C675E80}.Debug|Any CPU.Build.0 = Debug|Any CPU
		{F297EBB6-B28D-48DE-9D6F-56DF5C675E80}.Release|Any CPU.ActiveCfg = Release|Any CPU
		{F297EBB6-B28D-48DE-9D6F-56DF5C675E80}.Release|Any CPU.Build.0 = Release|Any CPU
		{02D3FFF8-6A2B-4E0A-BA93-108E903DFE60}.Debug|Any CPU.ActiveCfg = Debug|Any CPU
		{02D3FFF8-6A2B-4E0A-BA93-108E903DFE60}.Debug|Any CPU.Build.0 = Debug|Any CPU
		{02D3FFF8-6A2B-4E0A-BA93-108E903DFE60}.Release|Any CPU.ActiveCfg = Release|Any CPU
		{02D3FFF8-6A2B-4E0A-BA93-108E903DFE60}.Release|Any CPU.Build.0 = Release|Any CPU
		{504E59F3-AF52-44BA-A88D-97EC7DE8D24F}.Debug|Any CPU.ActiveCfg = Debug|Any CPU
		{504E59F3-AF52-44BA-A88D-97EC7DE8D24F}.Debug|Any CPU.Build.0 = Debug|Any CPU
		{504E59F3-AF52-44BA-A88D-97EC7DE8D24F}.Release|Any CPU.ActiveCfg = Release|Any CPU
		{504E59F3-AF52-44BA-A88D-97EC7DE8D24F}.Release|Any CPU.Build.0 = Release|Any CPU
		{AA89597A-DCB3-4AAF-8BFB-3D623E59DCF0}.Debug|Any CPU.ActiveCfg = Debug|Any CPU
		{AA89597A-DCB3-4AAF-8BFB-3D623E59DCF0}.Debug|Any CPU.Build.0 = Debug|Any CPU
		{AA89597A-DCB3-4AAF-8BFB-3D623E59DCF0}.Release|Any CPU.ActiveCfg = Release|Any CPU
		{AA89597A-DCB3-4AAF-8BFB-3D623E59DCF0}.Release|Any CPU.Build.0 = Release|Any CPU
		{C09CA4F8-298D-473E-9ED0-642064BA5581}.Debug|Any CPU.ActiveCfg = Debug|Any CPU
		{C09CA4F8-298D-473E-9ED0-642064BA5581}.Debug|Any CPU.Build.0 = Debug|Any CPU
		{C09CA4F8-298D-473E-9ED0-642064BA5581}.Release|Any CPU.ActiveCfg = Release|Any CPU
		{C09CA4F8-298D-473E-9ED0-642064BA5581}.Release|Any CPU.Build.0 = Release|Any CPU
		{9C4217C4-F1D7-4A0D-946E-347D64B670A8}.Debug|Any CPU.ActiveCfg = Debug|Any CPU
		{9C4217C4-F1D7-4A0D-946E-347D64B670A8}.Debug|Any CPU.Build.0 = Debug|Any CPU
		{9C4217C4-F1D7-4A0D-946E-347D64B670A8}.Release|Any CPU.ActiveCfg = Release|Any CPU
		{9C4217C4-F1D7-4A0D-946E-347D64B670A8}.Release|Any CPU.Build.0 = Release|Any CPU
		{A336FEFE-2D09-4553-B64F-4AE298C10426}.Debug|Any CPU.ActiveCfg = Debug|Any CPU
		{A336FEFE-2D09-4553-B64F-4AE298C10426}.Debug|Any CPU.Build.0 = Debug|Any CPU
		{A336FEFE-2D09-4553-B64F-4AE298C10426}.Release|Any CPU.ActiveCfg = Release|Any CPU
		{A336FEFE-2D09-4553-B64F-4AE298C10426}.Release|Any CPU.Build.0 = Release|Any CPU
		{95DCD7D4-6C37-46C0-8B29-0F67598B5DF3}.Debug|Any CPU.ActiveCfg = Debug|Any CPU
		{95DCD7D4-6C37-46C0-8B29-0F67598B5DF3}.Debug|Any CPU.Build.0 = Debug|Any CPU
		{95DCD7D4-6C37-46C0-8B29-0F67598B5DF3}.Release|Any CPU.ActiveCfg = Release|Any CPU
		{95DCD7D4-6C37-46C0-8B29-0F67598B5DF3}.Release|Any CPU.Build.0 = Release|Any CPU
		{2AE52283-2BD5-44C5-A354-AAC0128A9219}.Debug|Any CPU.ActiveCfg = Debug|Any CPU
		{2AE52283-2BD5-44C5-A354-AAC0128A9219}.Debug|Any CPU.Build.0 = Debug|Any CPU
		{2AE52283-2BD5-44C5-A354-AAC0128A9219}.Release|Any CPU.ActiveCfg = Release|Any CPU
		{2AE52283-2BD5-44C5-A354-AAC0128A9219}.Release|Any CPU.Build.0 = Release|Any CPU
	EndGlobalSection
	GlobalSection(SolutionProperties) = preSolution
		HideSolutionNode = FALSE
	EndGlobalSection
	GlobalSection(NestedProjects) = preSolution
		{784B0908-887F-4C59-8C8C-E378929EC3A9} = {3874A5D5-E2AA-41E8-9BCE-BE21C1967925}
		{87E1935D-6F3C-4BCA-99AE-3FC21461FD86} = {CEF531FB-E948-4D4A-A21F-DFE37F694637}
		{1A35855F-E5C6-4F55-9868-376A6D2A5FD5} = {708E1ED6-73A3-4B6E-89D1-9469BD754922}
		{C04BCB16-4BFE-405C-A934-A365EF7BEDA5} = {708E1ED6-73A3-4B6E-89D1-9469BD754922}
		{3EDD15DC-851D-4FCD-BAC3-618BCC2A7FFF} = {708E1ED6-73A3-4B6E-89D1-9469BD754922}
		{D139ECE1-6A73-4F60-AE2D-2D29495FFF21} = {F5824B9E-68E1-4488-83A4-561C76939693}
		{213A237A-07B4-4343-ACC9-DE483EA77C48} = {F5824B9E-68E1-4488-83A4-561C76939693}
		{157BB5F9-2F9E-4FF3-9BCE-5CD38D993427} = {F5824B9E-68E1-4488-83A4-561C76939693}
		{EF42A5D8-4C8B-4AB0-82E2-DF3F7B870A7D} = {95CAB60C-CAF8-41C1-A3DD-A32D426A0072}
		{4240B1A2-6355-4053-9F47-E1389C9C1A41} = {95CAB60C-CAF8-41C1-A3DD-A32D426A0072}
		{E1F17DC9-1A61-48CB-9902-E7DBD3695D37} = {95CAB60C-CAF8-41C1-A3DD-A32D426A0072}
		{F297EBB6-B28D-48DE-9D6F-56DF5C675E80} = {12937CAB-1FD9-48BA-9F96-5A946AACAB99}
		{02D3FFF8-6A2B-4E0A-BA93-108E903DFE60} = {12937CAB-1FD9-48BA-9F96-5A946AACAB99}
		{504E59F3-AF52-44BA-A88D-97EC7DE8D24F} = {12937CAB-1FD9-48BA-9F96-5A946AACAB99}
		{AA89597A-DCB3-4AAF-8BFB-3D623E59DCF0} = {8B7A8A1E-1F7B-4A39-A955-E3D99BCAFE83}
		{C09CA4F8-298D-473E-9ED0-642064BA5581} = {8B7A8A1E-1F7B-4A39-A955-E3D99BCAFE83}
		{9C4217C4-F1D7-4A0D-946E-347D64B670A8} = {8B7A8A1E-1F7B-4A39-A955-E3D99BCAFE83}
		{A336FEFE-2D09-4553-B64F-4AE298C10426} = {0E35D185-1838-4429-B90B-FFD77824BF06}
		{95DCD7D4-6C37-46C0-8B29-0F67598B5DF3} = {0E35D185-1838-4429-B90B-FFD77824BF06}
		{2AE52283-2BD5-44C5-A354-AAC0128A9219} = {0E35D185-1838-4429-B90B-FFD77824BF06}
	EndGlobalSection
	GlobalSection(ExtensibilityGlobals) = postSolution
		SolutionGuid = {46730674-4922-4705-AE64-342983F02682}
	EndGlobalSection
EndGlobal
